
Microsoft Visual Studio Solution File, Format Version 12.00
# Visual Studio Version 16
VisualStudioVersion = 16.0.29728.190
MinimumVisualStudioVersion = 10.0.40219.1
Project("{9A19103F-16F7-4668-BE54-9A1E7A4F7556}") = "DotNetCoreSqlDb", "DotNetCoreSqlDb.csproj", "{1823C671-8F9C-41F7-9660-B3CFA9B45B1C}"
EndProject
Global
	GlobalSection(SolutionConfigurationPlatforms) = preSolution
		Debug|Any CPU = Debug|Any CPU
		Release|Any CPU = Release|Any CPU
	EndGlobalSection
	GlobalSection(ProjectConfigurationPlatforms) = postSolution
		{1823C671-8F9C-41F7-9660-B3CFA9B45B1C}.Debug|Any CPU.ActiveCfg = Debug|Any CPU
		{1823C671-8F9C-41F7-9660-B3CFA9B45B1C}.Debug|Any CPU.Build.0 = Debug|Any CPU
		{1823C671-8F9C-41F7-9660-B3CFA9B45B1C}.Release|Any CPU.ActiveCfg = Release|Any CPU
		{1823C671-8F9C-41F7-9660-B3CFA9B45B1C}.Release|Any CPU.Build.0 = Release|Any CPU
	EndGlobalSection
	GlobalSection(SolutionProperties) = preSolution
		HideSolutionNode = FALSE
	EndGlobalSection
	GlobalSection(ExtensibilityGlobals) = postSolution
		SolutionGuid = {7FF28DD5-FEED-4536-9517-BC5EA1D3C654}
	EndGlobalSection
EndGlobal
